
Microsoft Visual Studio Solution File, Format Version 12.00
# Visual Studio Version 17
VisualStudioVersion = 17.4.33103.184
MinimumVisualStudioVersion = 10.0.40219.1
Project("{FAE04EC0-301F-11D3-BF4B-00C04F79EFBC}") = "proj", "proj.csproj", "{6CF32F20-5B90-4996-9815-5B6508CD770B}"
EndProject
Global
	GlobalSection(SolutionConfigurationPlatforms) = preSolution
		Debug|Any CPU = Debug|Any CPU
		Release|Any CPU = Release|Any CPU
	EndGlobalSection
	GlobalSection(ProjectConfigurationPlatforms) = postSolution
		{6CF32F20-5B90-4996-9815-5B6508CD770B}.Debug|Any CPU.ActiveCfg = Debug|Any CPU
		{6CF32F20-5B90-4996-9815-5B6508CD770B}.Debug|Any CPU.Build.0 = Debug|Any CPU
		{6CF32F20-5B90-4996-9815-5B6508CD770B}.Release|Any CPU.ActiveCfg = Release|Any CPU
		{6CF32F20-5B90-4996-9815-5B6508CD770B}.Release|Any CPU.Build.0 = Release|Any CPU
	EndGlobalSection
	GlobalSection(SolutionProperties) = preSolution
		HideSolutionNode = FALSE
	EndGlobalSection
	GlobalSection(ExtensibilityGlobals) = postSolution
		SolutionGuid = {C20328D9-B0D4-4714-919C-BE77D06E4145}
	EndGlobalSection
EndGlobal
